
Microsoft Visual Studio Solution File, Format Version 12.00
# Visual Studio Version 16
VisualStudioVersion = 16.0.29613.14
MinimumVisualStudioVersion = 10.0.40219.1
Project("{FAE04EC0-301F-11D3-BF4B-00C04F79EFBC}") = "Console Send Request to WEB-API", "Console Send Request to WEB-API\Console Send Request to WEB-API.csproj", "{5D01CA16-A8B0-4A99-9E2A-AC49377CDEAB}"
EndProject
Global
	GlobalSection(SolutionConfigurationPlatforms) = preSolution
		Debug|Any CPU = Debug|Any CPU
		Release|Any CPU = Release|Any CPU
	EndGlobalSection
	GlobalSection(ProjectConfigurationPlatforms) = postSolution
		{5D01CA16-A8B0-4A99-9E2A-AC49377CDEAB}.Debug|Any CPU.ActiveCfg = Debug|Any CPU
		{5D01CA16-A8B0-4A99-9E2A-AC49377CDEAB}.Debug|Any CPU.Build.0 = Debug|Any CPU
		{5D01CA16-A8B0-4A99-9E2A-AC49377CDEAB}.Release|Any CPU.ActiveCfg = Release|Any CPU
		{5D01CA16-A8B0-4A99-9E2A-AC49377CDEAB}.Release|Any CPU.Build.0 = Release|Any CPU
	EndGlobalSection
	GlobalSection(SolutionProperties) = preSolution
		HideSolutionNode = FALSE
	EndGlobalSection
	GlobalSection(ExtensibilityGlobals) = postSolution
		SolutionGuid = {00E5DCC1-6AE6-46B5-8405-80B6D2D04675}
	EndGlobalSection
EndGlobal
